
Microsoft Visual Studio Solution File, Format Version 12.00
# Visual Studio 2015
Project("{FAE04EC0-301F-11D3-BF4B-00C04F79EFBC}") = "lonely jackle.CSharp", "lonely jackle.CSharp.csproj", "{D6CB6F3B-671D-A692-CD4A-A8C613AE7243}"
EndProject
Global
	GlobalSection(SolutionConfigurationPlatforms) = preSolution
		Debug|Any CPU = Debug|Any CPU
		Release|Any CPU = Release|Any CPU
	EndGlobalSection
	GlobalSection(ProjectConfigurationPlatforms) = postSolution
		{D6CB6F3B-671D-A692-CD4A-A8C613AE7243}.Debug|Any CPU.ActiveCfg = Debug|Any CPU
		{D6CB6F3B-671D-A692-CD4A-A8C613AE7243}.Debug|Any CPU.Build.0 = Debug|Any CPU
		{D6CB6F3B-671D-A692-CD4A-A8C613AE7243}.Release|Any CPU.ActiveCfg = Release|Any CPU
		{D6CB6F3B-671D-A692-CD4A-A8C613AE7243}.Release|Any CPU.Build.0 = Release|Any CPU
	EndGlobalSection
	GlobalSection(SolutionProperties) = preSolution
		HideSolutionNode = FALSE
	EndGlobalSection
EndGlobal
