Microsoft Visual Studio Solution File, Format Version 11.00
# Visual Studio 2008

Project("{9792C08F-D25E-4322-EDC9-D4AF23D5502F}") = "Unity_Inventory", "Assembly-CSharp.csproj", "{89C10793-1727-3940-340E-AC60F6894688}"
EndProject
Global
	GlobalSection(SolutionConfigurationPlatforms) = preSolution
		Debug|Any CPU = Debug|Any CPU
		Release|Any CPU = Release|Any CPU
	EndGlobalSection
	GlobalSection(ProjectConfigurationPlatforms) = postSolution
		{89C10793-1727-3940-340E-AC60F6894688}.Debug|Any CPU.ActiveCfg = Debug|Any CPU
		{89C10793-1727-3940-340E-AC60F6894688}.Debug|Any CPU.Build.0 = Debug|Any CPU
		{89C10793-1727-3940-340E-AC60F6894688}.Release|Any CPU.ActiveCfg = Release|Any CPU
		{89C10793-1727-3940-340E-AC60F6894688}.Release|Any CPU.Build.0 = Release|Any CPU
	EndGlobalSection
	GlobalSection(SolutionProperties) = preSolution
		HideSolutionNode = FALSE
	EndGlobalSection
	GlobalSection(MonoDevelopProperties) = preSolution
		StartupItem = Assembly-CSharp.csproj
	EndGlobalSection
EndGlobal
